Microsoft Visual Studio Solution File, Format Version 11.00
# Visual Studio 2008

Project("{6F939C99-DF8D-B413-3815-7821084F50D5}") = "MiniProject", "Assembly-CSharp.csproj", "{66081B4B-946B-B34E-28CA-5F652BD6D8BB}"
EndProject
Project("{6F939C99-DF8D-B413-3815-7821084F50D5}") = "MiniProject", "Assembly-CSharp-Editor.csproj", "{F52CC4E4-5B27-A318-8D05-622DAC0D6262}"
EndProject
Global
	GlobalSection(SolutionConfigurationPlatforms) = preSolution
		Debug|Any CPU = Debug|Any CPU
		Release|Any CPU = Release|Any CPU
	EndGlobalSection
	GlobalSection(ProjectConfigurationPlatforms) = postSolution
		{66081B4B-946B-B34E-28CA-5F652BD6D8BB}.Debug|Any CPU.ActiveCfg = Debug|Any CPU
		{66081B4B-946B-B34E-28CA-5F652BD6D8BB}.Debug|Any CPU.Build.0 = Debug|Any CPU
		{66081B4B-946B-B34E-28CA-5F652BD6D8BB}.Release|Any CPU.ActiveCfg = Release|Any CPU
		{66081B4B-946B-B34E-28CA-5F652BD6D8BB}.Release|Any CPU.Build.0 = Release|Any CPU
		{F52CC4E4-5B27-A318-8D05-622DAC0D6262}.Debug|Any CPU.ActiveCfg = Debug|Any CPU
		{F52CC4E4-5B27-A318-8D05-622DAC0D6262}.Debug|Any CPU.Build.0 = Debug|Any CPU
		{F52CC4E4-5B27-A318-8D05-622DAC0D6262}.Release|Any CPU.ActiveCfg = Release|Any CPU
		{F52CC4E4-5B27-A318-8D05-622DAC0D6262}.Release|Any CPU.Build.0 = Release|Any CPU
	EndGlobalSection
	GlobalSection(SolutionProperties) = preSolution
		HideSolutionNode = FALSE
	EndGlobalSection
	GlobalSection(MonoDevelopProperties) = preSolution
		StartupItem = Assembly-CSharp.csproj
	EndGlobalSection
EndGlobal
